
Microsoft Visual Studio Solution File, Format Version 12.00
# Visual Studio Version 16
VisualStudioVersion = 16.0.30621.155
MinimumVisualStudioVersion = 10.0.40219.1
Project("{8BC9CEB8-8B4A-11D0-8D11-00A0C91BC942}") = "Project33a", "Project33a.vcxproj", "{557E081E-119D-42B0-8E14-73665EFE9133}"
EndProject
Project("{8BC9CEB8-8B4A-11D0-8D11-00A0C91BC942}") = "UnitTest1", "UnitTest1\UnitTest1.vcxproj", "{37235FB9-6D90-403A-B996-5E58476E0F58}"
EndProject
Global
	GlobalSection(SolutionConfigurationPlatforms) = preSolution
		Debug|x64 = Debug|x64
		Debug|x86 = Debug|x86
		Release|x64 = Release|x64
		Release|x86 = Release|x86
	EndGlobalSection
	GlobalSection(ProjectConfigurationPlatforms) = postSolution
		{557E081E-119D-42B0-8E14-73665EFE9133}.Debug|x64.ActiveCfg = Debug|x64
		{557E081E-119D-42B0-8E14-73665EFE9133}.Debug|x64.Build.0 = Debug|x64
		{557E081E-119D-42B0-8E14-73665EFE9133}.Debug|x86.ActiveCfg = Debug|Win32
		{557E081E-119D-42B0-8E14-73665EFE9133}.Debug|x86.Build.0 = Debug|Win32
		{557E081E-119D-42B0-8E14-73665EFE9133}.Release|x64.ActiveCfg = Release|x64
		{557E081E-119D-42B0-8E14-73665EFE9133}.Release|x64.Build.0 = Release|x64
		{557E081E-119D-42B0-8E14-73665EFE9133}.Release|x86.ActiveCfg = Release|Win32
		{557E081E-119D-42B0-8E14-73665EFE9133}.Release|x86.Build.0 = Release|Win32
		{37235FB9-6D90-403A-B996-5E58476E0F58}.Debug|x64.ActiveCfg = Debug|x64
		{37235FB9-6D90-403A-B996-5E58476E0F58}.Debug|x64.Build.0 = Debug|x64
		{37235FB9-6D90-403A-B996-5E58476E0F58}.Debug|x86.ActiveCfg = Debug|Win32
		{37235FB9-6D90-403A-B996-5E58476E0F58}.Debug|x86.Build.0 = Debug|Win32
		{37235FB9-6D90-403A-B996-5E58476E0F58}.Release|x64.ActiveCfg = Release|x64
		{37235FB9-6D90-403A-B996-5E58476E0F58}.Release|x64.Build.0 = Release|x64
		{37235FB9-6D90-403A-B996-5E58476E0F58}.Release|x86.ActiveCfg = Release|Win32
		{37235FB9-6D90-403A-B996-5E58476E0F58}.Release|x86.Build.0 = Release|Win32
	EndGlobalSection
	GlobalSection(SolutionProperties) = preSolution
		HideSolutionNode = FALSE
	EndGlobalSection
	GlobalSection(ExtensibilityGlobals) = postSolution
		SolutionGuid = {FF76D54F-68BA-4BA3-8422-2326A0441085}
	EndGlobalSection
EndGlobal
